
Microsoft Visual Studio Solution File, Format Version 12.00
# Visual Studio Version 16
VisualStudioVersion = 16.0.30503.244
MinimumVisualStudioVersion = 10.0.40219.1
Project("{9A19103F-16F7-4668-BE54-9A1E7A4F7556}") = "TSP.App", "TSP.App\TSP.App.csproj", "{8D089B8C-1259-4D3C-A76C-F9308B689902}"
EndProject
Project("{9A19103F-16F7-4668-BE54-9A1E7A4F7556}") = "TSP.Shared", "TSP.Shared\TSP.Shared.csproj", "{41076BFA-8D4F-4B6F-99A6-09A703A9A5D4}"
EndProject
Project("{2150E333-8FDC-42A3-9474-1A3956D46DE8}") = "Others", "Others", "{9C44EAE7-7EE0-4669-B6C4-D51668CBAE2D}"
EndProject
Project("{9A19103F-16F7-4668-BE54-9A1E7A4F7556}") = "IDP", "IDP\IDP.csproj", "{677CEE5F-4767-4472-AFC8-15EDE750AFFB}"
EndProject
Project("{9A19103F-16F7-4668-BE54-9A1E7A4F7556}") = "TSP.API", "TSP.API\TSP.API.csproj", "{CCC254FC-47CA-4308-8893-81DBA681BA86}"
EndProject
Project("{9A19103F-16F7-4668-BE54-9A1E7A4F7556}") = "TSP.Funcs", "TSP.Funcs\TSP.Funcs.csproj", "{F0CF88BE-7458-41DF-97C9-7C0ED723B2EE}"
EndProject
Project("{00D1A9C2-B5F0-4AF3-8072-F6C62B433612}") = "TSP.IDP.Database", "TSP.IDP.Database\TSP.IDP.Database.sqlproj", "{35956B1F-BBD2-4B95-97E9-DC179952BAE6}"
EndProject
Project("{00D1A9C2-B5F0-4AF3-8072-F6C62B433612}") = "TSP.API.Database", "TSP.API.Database\TSP.API.Database.sqlproj", "{9557D068-8B89-41A2-A01D-5799035EE4CC}"
EndProject
Project("{9A19103F-16F7-4668-BE54-9A1E7A4F7556}") = "TSPWebsite", "TSPWebsite\TSPWebsite.csproj", "{FED59D49-8CFB-47B7-B057-5766936B6E94}"
EndProject
Project("{9A19103F-16F7-4668-BE54-9A1E7A4F7556}") = "TSP.API.XUnitTest", "TSP.API.XUnitTest\TSP.API.XUnitTest.csproj", "{A9A4466A-46F4-4540-B3DB-4A502224DBF6}"
EndProject
Project("{151D2E53-A2C4-4D7D-83FE-D05416EBD58E}") = "ARM.TSP.API", "ARM.TSP.API\ARM.TSP.API.deployproj", "{D13AAD62-EF93-4891-81A3-1B843F88E897}"
EndProject
Project("{151D2E53-A2C4-4D7D-83FE-D05416EBD58E}") = "ARM.TSP.IDP", "ARM.TSP.IDP\ARM.TSP.IDP.deployproj", "{CF52B090-0940-4A7A-9287-6684CE214179}"
EndProject
Project("{151D2E53-A2C4-4D7D-83FE-D05416EBD58E}") = "ARM.TSP.APP", "ARM.TSP.APP\ARM.TSP.APP.deployproj", "{E996104F-4532-4536-95CA-EF4FB9D9405D}"
EndProject
Project("{151D2E53-A2C4-4D7D-83FE-D05416EBD58E}") = "ARM.TSP.Website", "ARM.TSP.Website\ARM.TSP.Website.deployproj", "{B6AC413C-2CA9-4115-B73B-50B312562EC0}"
EndProject
Project("{151D2E53-A2C4-4D7D-83FE-D05416EBD58E}") = "TSP.ARM", "TSP.ARM\TSP.ARM.deployproj", "{2ED5DE89-DCE3-458D-B4BA-EA0727FD1587}"
EndProject
Project("{2150E333-8FDC-42A3-9474-1A3956D46DE8}") = "Solution Items", "Solution Items", "{2ACB5DD4-9978-4C6E-83BC-66B17D2DD39F}"
	ProjectSection(SolutionItems) = preProject
		Pipeline\TSP build pipeline.json = Pipeline\TSP build pipeline.json
		Pipeline\TSP release pipeline.json = Pipeline\TSP release pipeline.json
	EndProjectSection
EndProject
Global
	GlobalSection(SolutionConfigurationPlatforms) = preSolution
		Debug|Any CPU = Debug|Any CPU
		Release|Any CPU = Release|Any CPU
	EndGlobalSection
	GlobalSection(ProjectConfigurationPlatforms) = postSolution
		{8D089B8C-1259-4D3C-A76C-F9308B689902}.Debug|Any CPU.ActiveCfg = Debug|Any CPU
		{8D089B8C-1259-4D3C-A76C-F9308B689902}.Debug|Any CPU.Build.0 = Debug|Any CPU
		{8D089B8C-1259-4D3C-A76C-F9308B689902}.Release|Any CPU.ActiveCfg = Release|Any CPU
		{8D089B8C-1259-4D3C-A76C-F9308B689902}.Release|Any CPU.Build.0 = Release|Any CPU
		{41076BFA-8D4F-4B6F-99A6-09A703A9A5D4}.Debug|Any CPU.ActiveCfg = Debug|Any CPU
		{41076BFA-8D4F-4B6F-99A6-09A703A9A5D4}.Debug|Any CPU.Build.0 = Debug|Any CPU
		{41076BFA-8D4F-4B6F-99A6-09A703A9A5D4}.Release|Any CPU.ActiveCfg = Release|Any CPU
		{41076BFA-8D4F-4B6F-99A6-09A703A9A5D4}.Release|Any CPU.Build.0 = Release|Any CPU
		{677CEE5F-4767-4472-AFC8-15EDE750AFFB}.Debug|Any CPU.ActiveCfg = Debug|Any CPU
		{677CEE5F-4767-4472-AFC8-15EDE750AFFB}.Debug|Any CPU.Build.0 = Debug|Any CPU
		{677CEE5F-4767-4472-AFC8-15EDE750AFFB}.Release|Any CPU.ActiveCfg = Release|Any CPU
		{677CEE5F-4767-4472-AFC8-15EDE750AFFB}.Release|Any CPU.Build.0 = Release|Any CPU
		{CCC254FC-47CA-4308-8893-81DBA681BA86}.Debug|Any CPU.ActiveCfg = Debug|Any CPU
		{CCC254FC-47CA-4308-8893-81DBA681BA86}.Debug|Any CPU.Build.0 = Debug|Any CPU
		{CCC254FC-47CA-4308-8893-81DBA681BA86}.Release|Any CPU.ActiveCfg = Release|Any CPU
		{CCC254FC-47CA-4308-8893-81DBA681BA86}.Release|Any CPU.Build.0 = Release|Any CPU
		{F0CF88BE-7458-41DF-97C9-7C0ED723B2EE}.Debug|Any CPU.ActiveCfg = Debug|Any CPU
		{F0CF88BE-7458-41DF-97C9-7C0ED723B2EE}.Debug|Any CPU.Build.0 = Debug|Any CPU
		{F0CF88BE-7458-41DF-97C9-7C0ED723B2EE}.Release|Any CPU.ActiveCfg = Release|Any CPU
		{F0CF88BE-7458-41DF-97C9-7C0ED723B2EE}.Release|Any CPU.Build.0 = Release|Any CPU
		{35956B1F-BBD2-4B95-97E9-DC179952BAE6}.Debug|Any CPU.ActiveCfg = Debug|Any CPU
		{35956B1F-BBD2-4B95-97E9-DC179952BAE6}.Debug|Any CPU.Build.0 = Debug|Any CPU
		{35956B1F-BBD2-4B95-97E9-DC179952BAE6}.Debug|Any CPU.Deploy.0 = Debug|Any CPU
		{35956B1F-BBD2-4B95-97E9-DC179952BAE6}.Release|Any CPU.ActiveCfg = Release|Any CPU
		{35956B1F-BBD2-4B95-97E9-DC179952BAE6}.Release|Any CPU.Build.0 = Release|Any CPU
		{35956B1F-BBD2-4B95-97E9-DC179952BAE6}.Release|Any CPU.Deploy.0 = Release|Any CPU
		{9557D068-8B89-41A2-A01D-5799035EE4CC}.Debug|Any CPU.ActiveCfg = Debug|Any CPU
		{9557D068-8B89-41A2-A01D-5799035EE4CC}.Debug|Any CPU.Build.0 = Debug|Any CPU
		{9557D068-8B89-41A2-A01D-5799035EE4CC}.Debug|Any CPU.Deploy.0 = Debug|Any CPU
		{9557D068-8B89-41A2-A01D-5799035EE4CC}.Release|Any CPU.ActiveCfg = Release|Any CPU
		{9557D068-8B89-41A2-A01D-5799035EE4CC}.Release|Any CPU.Build.0 = Release|Any CPU
		{9557D068-8B89-41A2-A01D-5799035EE4CC}.Release|Any CPU.Deploy.0 = Release|Any CPU
		{FED59D49-8CFB-47B7-B057-5766936B6E94}.Debug|Any CPU.ActiveCfg = Debug|Any CPU
		{FED59D49-8CFB-47B7-B057-5766936B6E94}.Debug|Any CPU.Build.0 = Debug|Any CPU
		{FED59D49-8CFB-47B7-B057-5766936B6E94}.Release|Any CPU.ActiveCfg = Release|Any CPU
		{FED59D49-8CFB-47B7-B057-5766936B6E94}.Release|Any CPU.Build.0 = Release|Any CPU
		{A9A4466A-46F4-4540-B3DB-4A502224DBF6}.Debug|Any CPU.ActiveCfg = Debug|Any CPU
		{A9A4466A-46F4-4540-B3DB-4A502224DBF6}.Debug|Any CPU.Build.0 = Debug|Any CPU
		{A9A4466A-46F4-4540-B3DB-4A502224DBF6}.Release|Any CPU.ActiveCfg = Release|Any CPU
		{A9A4466A-46F4-4540-B3DB-4A502224DBF6}.Release|Any CPU.Build.0 = Release|Any CPU
		{D13AAD62-EF93-4891-81A3-1B843F88E897}.Debug|Any CPU.ActiveCfg = Debug|Any CPU
		{D13AAD62-EF93-4891-81A3-1B843F88E897}.Debug|Any CPU.Build.0 = Debug|Any CPU
		{D13AAD62-EF93-4891-81A3-1B843F88E897}.Release|Any CPU.ActiveCfg = Release|Any CPU
		{D13AAD62-EF93-4891-81A3-1B843F88E897}.Release|Any CPU.Build.0 = Release|Any CPU
		{CF52B090-0940-4A7A-9287-6684CE214179}.Debug|Any CPU.ActiveCfg = Debug|Any CPU
		{CF52B090-0940-4A7A-9287-6684CE214179}.Debug|Any CPU.Build.0 = Debug|Any CPU
		{CF52B090-0940-4A7A-9287-6684CE214179}.Release|Any CPU.ActiveCfg = Release|Any CPU
		{CF52B090-0940-4A7A-9287-6684CE214179}.Release|Any CPU.Build.0 = Release|Any CPU
		{E996104F-4532-4536-95CA-EF4FB9D9405D}.Debug|Any CPU.ActiveCfg = Debug|Any CPU
		{E996104F-4532-4536-95CA-EF4FB9D9405D}.Debug|Any CPU.Build.0 = Debug|Any CPU
		{E996104F-4532-4536-95CA-EF4FB9D9405D}.Release|Any CPU.ActiveCfg = Release|Any CPU
		{E996104F-4532-4536-95CA-EF4FB9D9405D}.Release|Any CPU.Build.0 = Release|Any CPU
		{B6AC413C-2CA9-4115-B73B-50B312562EC0}.Debug|Any CPU.ActiveCfg = Debug|Any CPU
		{B6AC413C-2CA9-4115-B73B-50B312562EC0}.Debug|Any CPU.Build.0 = Debug|Any CPU
		{B6AC413C-2CA9-4115-B73B-50B312562EC0}.Release|Any CPU.ActiveCfg = Release|Any CPU
		{B6AC413C-2CA9-4115-B73B-50B312562EC0}.Release|Any CPU.Build.0 = Release|Any CPU
		{2ED5DE89-DCE3-458D-B4BA-EA0727FD1587}.Debug|Any CPU.ActiveCfg = Debug|Any CPU
		{2ED5DE89-DCE3-458D-B4BA-EA0727FD1587}.Debug|Any CPU.Build.0 = Debug|Any CPU
		{2ED5DE89-DCE3-458D-B4BA-EA0727FD1587}.Release|Any CPU.ActiveCfg = Release|Any CPU
		{2ED5DE89-DCE3-458D-B4BA-EA0727FD1587}.Release|Any CPU.Build.0 = Release|Any CPU
	EndGlobalSection
	GlobalSection(SolutionProperties) = preSolution
		HideSolutionNode = FALSE
	EndGlobalSection
	GlobalSection(NestedProjects) = preSolution
		{35956B1F-BBD2-4B95-97E9-DC179952BAE6} = {9C44EAE7-7EE0-4669-B6C4-D51668CBAE2D}
		{9557D068-8B89-41A2-A01D-5799035EE4CC} = {9C44EAE7-7EE0-4669-B6C4-D51668CBAE2D}
		{D13AAD62-EF93-4891-81A3-1B843F88E897} = {9C44EAE7-7EE0-4669-B6C4-D51668CBAE2D}
		{CF52B090-0940-4A7A-9287-6684CE214179} = {9C44EAE7-7EE0-4669-B6C4-D51668CBAE2D}
		{E996104F-4532-4536-95CA-EF4FB9D9405D} = {9C44EAE7-7EE0-4669-B6C4-D51668CBAE2D}
		{B6AC413C-2CA9-4115-B73B-50B312562EC0} = {9C44EAE7-7EE0-4669-B6C4-D51668CBAE2D}
		{2ED5DE89-DCE3-458D-B4BA-EA0727FD1587} = {9C44EAE7-7EE0-4669-B6C4-D51668CBAE2D}
	EndGlobalSection
	GlobalSection(ExtensibilityGlobals) = postSolution
		SolutionGuid = {67182BC6-C875-4740-9E25-41ED102034F9}
	EndGlobalSection
EndGlobal
